
Microsoft Visual Studio Solution File, Format Version 12.00
# Visual Studio 2017
Project("{FAE04EC0-301F-11D3-BF4B-00C04F79EFBC}") = "FinalFinuralSimulatorInClass", "FinalFinuralSimulatorInClass.csproj", "{C9BBEF03-83DA-7DE3-3602-1D73579964F0}"
EndProject
Project("{FAE04EC0-301F-11D3-BF4B-00C04F79EFBC}") = "FinalFinuralSimulatorInClass.Editor", "FinalFinuralSimulatorInClass.Editor.csproj", "{953AEFBA-589E-BB34-60CF-CEDCFA860EFA}"
EndProject
Global
	GlobalSection(SolutionConfigurationPlatforms) = preSolution
		Debug|Any CPU = Debug|Any CPU
		Release|Any CPU = Release|Any CPU
	EndGlobalSection
	GlobalSection(ProjectConfigurationPlatforms) = postSolution
		{C9BBEF03-83DA-7DE3-3602-1D73579964F0}.Debug|Any CPU.ActiveCfg = Debug|Any CPU
		{C9BBEF03-83DA-7DE3-3602-1D73579964F0}.Debug|Any CPU.Build.0 = Debug|Any CPU
		{C9BBEF03-83DA-7DE3-3602-1D73579964F0}.Release|Any CPU.ActiveCfg = Release|Any CPU
		{C9BBEF03-83DA-7DE3-3602-1D73579964F0}.Release|Any CPU.Build.0 = Release|Any CPU
		{953AEFBA-589E-BB34-60CF-CEDCFA860EFA}.Debug|Any CPU.ActiveCfg = Debug|Any CPU
		{953AEFBA-589E-BB34-60CF-CEDCFA860EFA}.Debug|Any CPU.Build.0 = Debug|Any CPU
		{953AEFBA-589E-BB34-60CF-CEDCFA860EFA}.Release|Any CPU.ActiveCfg = Release|Any CPU
		{953AEFBA-589E-BB34-60CF-CEDCFA860EFA}.Release|Any CPU.Build.0 = Release|Any CPU
	EndGlobalSection
	GlobalSection(SolutionProperties) = preSolution
		HideSolutionNode = FALSE
	EndGlobalSection
EndGlobal
