
Microsoft Visual Studio Solution File, Format Version 12.00
# Visual Studio 2017
Project("{FAE04EC0-301F-11D3-BF4B-00C04F79EFBC}") = "FinalFinuralSimulator", "FinalFinuralSimulator.csproj", "{956D49E2-A793-B903-F225-82E9ABD8A49F}"
EndProject
Project("{FAE04EC0-301F-11D3-BF4B-00C04F79EFBC}") = "FinalFinuralSimulator.Editor", "FinalFinuralSimulator.Editor.csproj", "{B6F36485-76F5-1043-45AC-F7F8BCF5F6DB}"
EndProject
Global
	GlobalSection(SolutionConfigurationPlatforms) = preSolution
		Debug|Any CPU = Debug|Any CPU
		Release|Any CPU = Release|Any CPU
	EndGlobalSection
	GlobalSection(ProjectConfigurationPlatforms) = postSolution
		{956D49E2-A793-B903-F225-82E9ABD8A49F}.Debug|Any CPU.ActiveCfg = Debug|Any CPU
		{956D49E2-A793-B903-F225-82E9ABD8A49F}.Debug|Any CPU.Build.0 = Debug|Any CPU
		{956D49E2-A793-B903-F225-82E9ABD8A49F}.Release|Any CPU.ActiveCfg = Release|Any CPU
		{956D49E2-A793-B903-F225-82E9ABD8A49F}.Release|Any CPU.Build.0 = Release|Any CPU
		{B6F36485-76F5-1043-45AC-F7F8BCF5F6DB}.Debug|Any CPU.ActiveCfg = Debug|Any CPU
		{B6F36485-76F5-1043-45AC-F7F8BCF5F6DB}.Debug|Any CPU.Build.0 = Debug|Any CPU
		{B6F36485-76F5-1043-45AC-F7F8BCF5F6DB}.Release|Any CPU.ActiveCfg = Release|Any CPU
		{B6F36485-76F5-1043-45AC-F7F8BCF5F6DB}.Release|Any CPU.Build.0 = Release|Any CPU
	EndGlobalSection
	GlobalSection(SolutionProperties) = preSolution
		HideSolutionNode = FALSE
	EndGlobalSection
EndGlobal
